
Microsoft Visual Studio Solution File, Format Version 12.00
# Visual Studio 15
VisualStudioVersion = 15.0.27703.2047
MinimumVisualStudioVersion = 10.0.40219.1
Project("{8BC9CEB8-8B4A-11D0-8D11-00A0C91BC942}") = "T1Q2", "T1Q2\T1Q2.vcxproj", "{536B5B34-E293-4978-81EF-8260FC56681B}"
EndProject
Project("{8BC9CEB8-8B4A-11D0-8D11-00A0C91BC942}") = "T1Q3", "T1Q3\T1Q3.vcxproj", "{F478E52C-ED13-43DC-96A1-F6F9B52070B3}"
EndProject
Project("{8BC9CEB8-8B4A-11D0-8D11-00A0C91BC942}") = "T1Q4", "T1Q4\T1Q4.vcxproj", "{D4FAAE8C-9ECA-4890-8C78-1D20631DC930}"
EndProject
Project("{8BC9CEB8-8B4A-11D0-8D11-00A0C91BC942}") = "T1Q5", "T1Q5\T1Q5.vcxproj", "{1F97F29B-E0EA-4254-AAD0-E56AECD1934F}"
EndProject
Project("{8BC9CEB8-8B4A-11D0-8D11-00A0C91BC942}") = "T2", "T2\T2.vcxproj", "{965740AA-0EAE-4014-A62C-DE1022864052}"
EndProject
Project("{8BC9CEB8-8B4A-11D0-8D11-00A0C91BC942}") = "T1Q1", "T1Q1\T1Q1.vcxproj", "{CF671995-AE5D-44FB-B861-309968B3F01D}"
EndProject
Project("{8BC9CEB8-8B4A-11D0-8D11-00A0C91BC942}") = "Tutorial", "Tutorial\Tutorial.vcxproj", "{9796780E-6071-48E9-A55F-123CDD995216}"
EndProject
Project("{8BC9CEB8-8B4A-11D0-8D11-00A0C91BC942}") = "T3Q1", "T3Q1\T3Q1.vcxproj", "{8AC07E0D-6664-4A2F-8DE4-B67CA0C48CEB}"
EndProject
Project("{8BC9CEB8-8B4A-11D0-8D11-00A0C91BC942}") = "T3Q3", "T3Q3\T3Q3.vcxproj", "{965D4D65-CDE4-49DC-8D9F-2E24BF2AF4E7}"
EndProject
Project("{8BC9CEB8-8B4A-11D0-8D11-00A0C91BC942}") = "T1Q6", "T1Q6\T1Q6.vcxproj", "{74CF3EC2-D7A6-425E-A77E-512011F9442F}"
EndProject
Project("{8BC9CEB8-8B4A-11D0-8D11-00A0C91BC942}") = "T1Q7", "T1Q7\T1Q7.vcxproj", "{52931B9F-CE24-4C1A-BB0D-D49D16F77A01}"
EndProject
Project("{8BC9CEB8-8B4A-11D0-8D11-00A0C91BC942}") = "T1Q8", "T1Q8\T1Q8.vcxproj", "{F84FAEE9-F11D-428D-8FA2-59B6BD689DE7}"
EndProject
Project("{8BC9CEB8-8B4A-11D0-8D11-00A0C91BC942}") = "T4Q1", "T4Q1\T4Q1.vcxproj", "{55C13FC7-707F-4635-A93F-4B93722AE58A}"
EndProject
Project("{8BC9CEB8-8B4A-11D0-8D11-00A0C91BC942}") = "T4Q2", "T4Q2\T4Q2.vcxproj", "{A653780A-E338-4131-9452-1C6F3BF75F2F}"
EndProject
Project("{8BC9CEB8-8B4A-11D0-8D11-00A0C91BC942}") = "T4Q3", "T4Q3\T4Q3.vcxproj", "{677A3789-B384-4E94-93BA-DC34453D2356}"
EndProject
Project("{8BC9CEB8-8B4A-11D0-8D11-00A0C91BC942}") = "T5Q1", "T5Q1\T5Q1.vcxproj", "{20FBE1A9-F85A-4FAE-9F19-72937D6A7FB9}"
EndProject
Project("{8BC9CEB8-8B4A-11D0-8D11-00A0C91BC942}") = "T6Q1", "T6Q1\T6Q1.vcxproj", "{8E8DA398-4AEF-4A28-9311-C9E552B90B9A}"
EndProject
Project("{8BC9CEB8-8B4A-11D0-8D11-00A0C91BC942}") = "T6Q2", "T6Q2\T6Q2.vcxproj", "{6F4A57C7-1F14-479E-A0A6-5BD8A08BE16B}"
EndProject
Project("{8BC9CEB8-8B4A-11D0-8D11-00A0C91BC942}") = "T6Q4", "T6Q4\T6Q4.vcxproj", "{E458CCAD-469B-4B51-A099-DFBFAE1EF83D}"
EndProject
Global
	GlobalSection(SolutionConfigurationPlatforms) = preSolution
		Debug|x64 = Debug|x64
		Debug|x86 = Debug|x86
		Release|x64 = Release|x64
		Release|x86 = Release|x86
	EndGlobalSection
	GlobalSection(ProjectConfigurationPlatforms) = postSolution
		{536B5B34-E293-4978-81EF-8260FC56681B}.Debug|x64.ActiveCfg = Debug|x64
		{536B5B34-E293-4978-81EF-8260FC56681B}.Debug|x64.Build.0 = Debug|x64
		{536B5B34-E293-4978-81EF-8260FC56681B}.Debug|x86.ActiveCfg = Debug|Win32
		{536B5B34-E293-4978-81EF-8260FC56681B}.Debug|x86.Build.0 = Debug|Win32
		{536B5B34-E293-4978-81EF-8260FC56681B}.Release|x64.ActiveCfg = Release|x64
		{536B5B34-E293-4978-81EF-8260FC56681B}.Release|x64.Build.0 = Release|x64
		{536B5B34-E293-4978-81EF-8260FC56681B}.Release|x86.ActiveCfg = Release|Win32
		{536B5B34-E293-4978-81EF-8260FC56681B}.Release|x86.Build.0 = Release|Win32
		{F478E52C-ED13-43DC-96A1-F6F9B52070B3}.Debug|x64.ActiveCfg = Debug|x64
		{F478E52C-ED13-43DC-96A1-F6F9B52070B3}.Debug|x64.Build.0 = Debug|x64
		{F478E52C-ED13-43DC-96A1-F6F9B52070B3}.Debug|x86.ActiveCfg = Debug|Win32
		{F478E52C-ED13-43DC-96A1-F6F9B52070B3}.Debug|x86.Build.0 = Debug|Win32
		{F478E52C-ED13-43DC-96A1-F6F9B52070B3}.Release|x64.ActiveCfg = Release|x64
		{F478E52C-ED13-43DC-96A1-F6F9B52070B3}.Release|x64.Build.0 = Release|x64
		{F478E52C-ED13-43DC-96A1-F6F9B52070B3}.Release|x86.ActiveCfg = Release|Win32
		{F478E52C-ED13-43DC-96A1-F6F9B52070B3}.Release|x86.Build.0 = Release|Win32
		{D4FAAE8C-9ECA-4890-8C78-1D20631DC930}.Debug|x64.ActiveCfg = Debug|x64
		{D4FAAE8C-9ECA-4890-8C78-1D20631DC930}.Debug|x64.Build.0 = Debug|x64
		{D4FAAE8C-9ECA-4890-8C78-1D20631DC930}.Debug|x86.ActiveCfg = Debug|Win32
		{D4FAAE8C-9ECA-4890-8C78-1D20631DC930}.Debug|x86.Build.0 = Debug|Win32
		{D4FAAE8C-9ECA-4890-8C78-1D20631DC930}.Release|x64.ActiveCfg = Release|x64
		{D4FAAE8C-9ECA-4890-8C78-1D20631DC930}.Release|x64.Build.0 = Release|x64
		{D4FAAE8C-9ECA-4890-8C78-1D20631DC930}.Release|x86.ActiveCfg = Release|Win32
		{D4FAAE8C-9ECA-4890-8C78-1D20631DC930}.Release|x86.Build.0 = Release|Win32
		{1F97F29B-E0EA-4254-AAD0-E56AECD1934F}.Debug|x64.ActiveCfg = Debug|x64
		{1F97F29B-E0EA-4254-AAD0-E56AECD1934F}.Debug|x64.Build.0 = Debug|x64
		{1F97F29B-E0EA-4254-AAD0-E56AECD1934F}.Debug|x86.ActiveCfg = Debug|Win32
		{1F97F29B-E0EA-4254-AAD0-E56AECD1934F}.Debug|x86.Build.0 = Debug|Win32
		{1F97F29B-E0EA-4254-AAD0-E56AECD1934F}.Release|x64.ActiveCfg = Release|x64
		{1F97F29B-E0EA-4254-AAD0-E56AECD1934F}.Release|x64.Build.0 = Release|x64
		{1F97F29B-E0EA-4254-AAD0-E56AECD1934F}.Release|x86.ActiveCfg = Release|Win32
		{1F97F29B-E0EA-4254-AAD0-E56AECD1934F}.Release|x86.Build.0 = Release|Win32
		{965740AA-0EAE-4014-A62C-DE1022864052}.Debug|x64.ActiveCfg = Debug|x64
		{965740AA-0EAE-4014-A62C-DE1022864052}.Debug|x64.Build.0 = Debug|x64
		{965740AA-0EAE-4014-A62C-DE1022864052}.Debug|x86.ActiveCfg = Debug|Win32
		{965740AA-0EAE-4014-A62C-DE1022864052}.Debug|x86.Build.0 = Debug|Win32
		{965740AA-0EAE-4014-A62C-DE1022864052}.Release|x64.ActiveCfg = Release|x64
		{965740AA-0EAE-4014-A62C-DE1022864052}.Release|x64.Build.0 = Release|x64
		{965740AA-0EAE-4014-A62C-DE1022864052}.Release|x86.ActiveCfg = Release|Win32
		{965740AA-0EAE-4014-A62C-DE1022864052}.Release|x86.Build.0 = Release|Win32
		{CF671995-AE5D-44FB-B861-309968B3F01D}.Debug|x64.ActiveCfg = Debug|x64
		{CF671995-AE5D-44FB-B861-309968B3F01D}.Debug|x64.Build.0 = Debug|x64
		{CF671995-AE5D-44FB-B861-309968B3F01D}.Debug|x86.ActiveCfg = Debug|Win32
		{CF671995-AE5D-44FB-B861-309968B3F01D}.Debug|x86.Build.0 = Debug|Win32
		{CF671995-AE5D-44FB-B861-309968B3F01D}.Release|x64.ActiveCfg = Release|x64
		{CF671995-AE5D-44FB-B861-309968B3F01D}.Release|x64.Build.0 = Release|x64
		{CF671995-AE5D-44FB-B861-309968B3F01D}.Release|x86.ActiveCfg = Release|Win32
		{CF671995-AE5D-44FB-B861-309968B3F01D}.Release|x86.Build.0 = Release|Win32
		{9796780E-6071-48E9-A55F-123CDD995216}.Debug|x64.ActiveCfg = Debug|x64
		{9796780E-6071-48E9-A55F-123CDD995216}.Debug|x64.Build.0 = Debug|x64
		{9796780E-6071-48E9-A55F-123CDD995216}.Debug|x86.ActiveCfg = Debug|Win32
		{9796780E-6071-48E9-A55F-123CDD995216}.Debug|x86.Build.0 = Debug|Win32
		{9796780E-6071-48E9-A55F-123CDD995216}.Release|x64.ActiveCfg = Release|x64
		{9796780E-6071-48E9-A55F-123CDD995216}.Release|x64.Build.0 = Release|x64
		{9796780E-6071-48E9-A55F-123CDD995216}.Release|x86.ActiveCfg = Release|Win32
		{9796780E-6071-48E9-A55F-123CDD995216}.Release|x86.Build.0 = Release|Win32
		{8AC07E0D-6664-4A2F-8DE4-B67CA0C48CEB}.Debug|x64.ActiveCfg = Debug|x64
		{8AC07E0D-6664-4A2F-8DE4-B67CA0C48CEB}.Debug|x64.Build.0 = Debug|x64
		{8AC07E0D-6664-4A2F-8DE4-B67CA0C48CEB}.Debug|x86.ActiveCfg = Debug|Win32
		{8AC07E0D-6664-4A2F-8DE4-B67CA0C48CEB}.Debug|x86.Build.0 = Debug|Win32
		{8AC07E0D-6664-4A2F-8DE4-B67CA0C48CEB}.Release|x64.ActiveCfg = Release|x64
		{8AC07E0D-6664-4A2F-8DE4-B67CA0C48CEB}.Release|x64.Build.0 = Release|x64
		{8AC07E0D-6664-4A2F-8DE4-B67CA0C48CEB}.Release|x86.ActiveCfg = Release|Win32
		{8AC07E0D-6664-4A2F-8DE4-B67CA0C48CEB}.Release|x86.Build.0 = Release|Win32
		{965D4D65-CDE4-49DC-8D9F-2E24BF2AF4E7}.Debug|x64.ActiveCfg = Debug|x64
		{965D4D65-CDE4-49DC-8D9F-2E24BF2AF4E7}.Debug|x64.Build.0 = Debug|x64
		{965D4D65-CDE4-49DC-8D9F-2E24BF2AF4E7}.Debug|x86.ActiveCfg = Debug|Win32
		{965D4D65-CDE4-49DC-8D9F-2E24BF2AF4E7}.Debug|x86.Build.0 = Debug|Win32
		{965D4D65-CDE4-49DC-8D9F-2E24BF2AF4E7}.Release|x64.ActiveCfg = Release|x64
		{965D4D65-CDE4-49DC-8D9F-2E24BF2AF4E7}.Release|x64.Build.0 = Release|x64
		{965D4D65-CDE4-49DC-8D9F-2E24BF2AF4E7}.Release|x86.ActiveCfg = Release|Win32
		{965D4D65-CDE4-49DC-8D9F-2E24BF2AF4E7}.Release|x86.Build.0 = Release|Win32
		{74CF3EC2-D7A6-425E-A77E-512011F9442F}.Debug|x64.ActiveCfg = Debug|x64
		{74CF3EC2-D7A6-425E-A77E-512011F9442F}.Debug|x64.Build.0 = Debug|x64
		{74CF3EC2-D7A6-425E-A77E-512011F9442F}.Debug|x86.ActiveCfg = Debug|Win32
		{74CF3EC2-D7A6-425E-A77E-512011F9442F}.Debug|x86.Build.0 = Debug|Win32
		{74CF3EC2-D7A6-425E-A77E-512011F9442F}.Release|x64.ActiveCfg = Release|x64
		{74CF3EC2-D7A6-425E-A77E-512011F9442F}.Release|x64.Build.0 = Release|x64
		{74CF3EC2-D7A6-425E-A77E-512011F9442F}.Release|x86.ActiveCfg = Release|Win32
		{74CF3EC2-D7A6-425E-A77E-512011F9442F}.Release|x86.Build.0 = Release|Win32
		{52931B9F-CE24-4C1A-BB0D-D49D16F77A01}.Debug|x64.ActiveCfg = Debug|x64
		{52931B9F-CE24-4C1A-BB0D-D49D16F77A01}.Debug|x64.Build.0 = Debug|x64
		{52931B9F-CE24-4C1A-BB0D-D49D16F77A01}.Debug|x86.ActiveCfg = Debug|Win32
		{52931B9F-CE24-4C1A-BB0D-D49D16F77A01}.Debug|x86.Build.0 = Debug|Win32
		{52931B9F-CE24-4C1A-BB0D-D49D16F77A01}.Release|x64.ActiveCfg = Release|x64
		{52931B9F-CE24-4C1A-BB0D-D49D16F77A01}.Release|x64.Build.0 = Release|x64
		{52931B9F-CE24-4C1A-BB0D-D49D16F77A01}.Release|x86.ActiveCfg = Release|Win32
		{52931B9F-CE24-4C1A-BB0D-D49D16F77A01}.Release|x86.Build.0 = Release|Win32
		{F84FAEE9-F11D-428D-8FA2-59B6BD689DE7}.Debug|x64.ActiveCfg = Debug|x64
		{F84FAEE9-F11D-428D-8FA2-59B6BD689DE7}.Debug|x64.Build.0 = Debug|x64
		{F84FAEE9-F11D-428D-8FA2-59B6BD689DE7}.Debug|x86.ActiveCfg = Debug|Win32
		{F84FAEE9-F11D-428D-8FA2-59B6BD689DE7}.Debug|x86.Build.0 = Debug|Win32
		{F84FAEE9-F11D-428D-8FA2-59B6BD689DE7}.Release|x64.ActiveCfg = Release|x64
		{F84FAEE9-F11D-428D-8FA2-59B6BD689DE7}.Release|x64.Build.0 = Release|x64
		{F84FAEE9-F11D-428D-8FA2-59B6BD689DE7}.Release|x86.ActiveCfg = Release|Win32
		{F84FAEE9-F11D-428D-8FA2-59B6BD689DE7}.Release|x86.Build.0 = Release|Win32
		{55C13FC7-707F-4635-A93F-4B93722AE58A}.Debug|x64.ActiveCfg = Debug|x64
		{55C13FC7-707F-4635-A93F-4B93722AE58A}.Debug|x64.Build.0 = Debug|x64
		{55C13FC7-707F-4635-A93F-4B93722AE58A}.Debug|x86.ActiveCfg = Debug|Win32
		{55C13FC7-707F-4635-A93F-4B93722AE58A}.Debug|x86.Build.0 = Debug|Win32
		{55C13FC7-707F-4635-A93F-4B93722AE58A}.Release|x64.ActiveCfg = Release|x64
		{55C13FC7-707F-4635-A93F-4B93722AE58A}.Release|x64.Build.0 = Release|x64
		{55C13FC7-707F-4635-A93F-4B93722AE58A}.Release|x86.ActiveCfg = Release|Win32
		{55C13FC7-707F-4635-A93F-4B93722AE58A}.Release|x86.Build.0 = Release|Win32
		{A653780A-E338-4131-9452-1C6F3BF75F2F}.Debug|x64.ActiveCfg = Debug|x64
		{A653780A-E338-4131-9452-1C6F3BF75F2F}.Debug|x64.Build.0 = Debug|x64
		{A653780A-E338-4131-9452-1C6F3BF75F2F}.Debug|x86.ActiveCfg = Debug|Win32
		{A653780A-E338-4131-9452-1C6F3BF75F2F}.Debug|x86.Build.0 = Debug|Win32
		{A653780A-E338-4131-9452-1C6F3BF75F2F}.Release|x64.ActiveCfg = Release|x64
		{A653780A-E338-4131-9452-1C6F3BF75F2F}.Release|x64.Build.0 = Release|x64
		{A653780A-E338-4131-9452-1C6F3BF75F2F}.Release|x86.ActiveCfg = Release|Win32
		{A653780A-E338-4131-9452-1C6F3BF75F2F}.Release|x86.Build.0 = Release|Win32
		{677A3789-B384-4E94-93BA-DC34453D2356}.Debug|x64.ActiveCfg = Debug|x64
		{677A3789-B384-4E94-93BA-DC34453D2356}.Debug|x64.Build.0 = Debug|x64
		{677A3789-B384-4E94-93BA-DC34453D2356}.Debug|x86.ActiveCfg = Debug|Win32
		{677A3789-B384-4E94-93BA-DC34453D2356}.Debug|x86.Build.0 = Debug|Win32
		{677A3789-B384-4E94-93BA-DC34453D2356}.Release|x64.ActiveCfg = Release|x64
		{677A3789-B384-4E94-93BA-DC34453D2356}.Release|x64.Build.0 = Release|x64
		{677A3789-B384-4E94-93BA-DC34453D2356}.Release|x86.ActiveCfg = Release|Win32
		{677A3789-B384-4E94-93BA-DC34453D2356}.Release|x86.Build.0 = Release|Win32
		{20FBE1A9-F85A-4FAE-9F19-72937D6A7FB9}.Debug|x64.ActiveCfg = Debug|x64
		{20FBE1A9-F85A-4FAE-9F19-72937D6A7FB9}.Debug|x64.Build.0 = Debug|x64
		{20FBE1A9-F85A-4FAE-9F19-72937D6A7FB9}.Debug|x86.ActiveCfg = Debug|Win32
		{20FBE1A9-F85A-4FAE-9F19-72937D6A7FB9}.Debug|x86.Build.0 = Debug|Win32
		{20FBE1A9-F85A-4FAE-9F19-72937D6A7FB9}.Release|x64.ActiveCfg = Release|x64
		{20FBE1A9-F85A-4FAE-9F19-72937D6A7FB9}.Release|x64.Build.0 = Release|x64
		{20FBE1A9-F85A-4FAE-9F19-72937D6A7FB9}.Release|x86.ActiveCfg = Release|Win32
		{20FBE1A9-F85A-4FAE-9F19-72937D6A7FB9}.Release|x86.Build.0 = Release|Win32
		{8E8DA398-4AEF-4A28-9311-C9E552B90B9A}.Debug|x64.ActiveCfg = Debug|x64
		{8E8DA398-4AEF-4A28-9311-C9E552B90B9A}.Debug|x64.Build.0 = Debug|x64
		{8E8DA398-4AEF-4A28-9311-C9E552B90B9A}.Debug|x86.ActiveCfg = Debug|Win32
		{8E8DA398-4AEF-4A28-9311-C9E552B90B9A}.Debug|x86.Build.0 = Debug|Win32
		{8E8DA398-4AEF-4A28-9311-C9E552B90B9A}.Release|x64.ActiveCfg = Release|x64
		{8E8DA398-4AEF-4A28-9311-C9E552B90B9A}.Release|x64.Build.0 = Release|x64
		{8E8DA398-4AEF-4A28-9311-C9E552B90B9A}.Release|x86.ActiveCfg = Release|Win32
		{8E8DA398-4AEF-4A28-9311-C9E552B90B9A}.Release|x86.Build.0 = Release|Win32
		{6F4A57C7-1F14-479E-A0A6-5BD8A08BE16B}.Debug|x64.ActiveCfg = Debug|x64
		{6F4A57C7-1F14-479E-A0A6-5BD8A08BE16B}.Debug|x64.Build.0 = Debug|x64
		{6F4A57C7-1F14-479E-A0A6-5BD8A08BE16B}.Debug|x86.ActiveCfg = Debug|Win32
		{6F4A57C7-1F14-479E-A0A6-5BD8A08BE16B}.Debug|x86.Build.0 = Debug|Win32
		{6F4A57C7-1F14-479E-A0A6-5BD8A08BE16B}.Release|x64.ActiveCfg = Release|x64
		{6F4A57C7-1F14-479E-A0A6-5BD8A08BE16B}.Release|x64.Build.0 = Release|x64
		{6F4A57C7-1F14-479E-A0A6-5BD8A08BE16B}.Release|x86.ActiveCfg = Release|Win32
		{6F4A57C7-1F14-479E-A0A6-5BD8A08BE16B}.Release|x86.Build.0 = Release|Win32
		{E458CCAD-469B-4B51-A099-DFBFAE1EF83D}.Debug|x64.ActiveCfg = Debug|x64
		{E458CCAD-469B-4B51-A099-DFBFAE1EF83D}.Debug|x64.Build.0 = Debug|x64
		{E458CCAD-469B-4B51-A099-DFBFAE1EF83D}.Debug|x86.ActiveCfg = Debug|Win32
		{E458CCAD-469B-4B51-A099-DFBFAE1EF83D}.Debug|x86.Build.0 = Debug|Win32
		{E458CCAD-469B-4B51-A099-DFBFAE1EF83D}.Release|x64.ActiveCfg = Release|x64
		{E458CCAD-469B-4B51-A099-DFBFAE1EF83D}.Release|x64.Build.0 = Release|x64
		{E458CCAD-469B-4B51-A099-DFBFAE1EF83D}.Release|x86.ActiveCfg = Release|Win32
		{E458CCAD-469B-4B51-A099-DFBFAE1EF83D}.Release|x86.Build.0 = Release|Win32
	EndGlobalSection
	GlobalSection(SolutionProperties) = preSolution
		HideSolutionNode = FALSE
	EndGlobalSection
	GlobalSection(ExtensibilityGlobals) = postSolution
		SolutionGuid = {09859575-2A2C-414A-B949-618FC89929BB}
	EndGlobalSection
EndGlobal
